
Microsoft Visual Studio Solution File, Format Version 9.00
# Visual Studio 2005
Project("{8BC9CEB8-8B4A-11D0-8D11-00A0C91BC942}") = "lencod", "lencod.vcproj", "{50C4EB42-36E4-4EE2-A5BB-B826AEE0B010}"
EndProject
Global
	GlobalSection(SolutionConfigurationPlatforms) = preSolution
		Debug|Win32 = Debug|Win32
		Release|Win32 = Release|Win32
	EndGlobalSection
	GlobalSection(ProjectConfigurationPlatforms) = postSolution
		{50C4EB42-36E4-4EE2-A5BB-B826AEE0B010}.Debug|Win32.ActiveCfg = Debug|Win32
		{50C4EB42-36E4-4EE2-A5BB-B826AEE0B010}.Debug|Win32.Build.0 = Debug|Win32
		{50C4EB42-36E4-4EE2-A5BB-B826AEE0B010}.Release|Win32.ActiveCfg = Release|Win32
		{50C4EB42-36E4-4EE2-A5BB-B826AEE0B010}.Release|Win32.Build.0 = Release|Win32
	EndGlobalSection
	GlobalSection(SolutionProperties) = preSolution
		HideSolutionNode = FALSE
	EndGlobalSection
EndGlobal
